// !$*UTF8*$!
{
	archiveVersion = 1;
	classes = {
	};
	objectVersion = 50;
	objects = {

/* Begin PBXBuildFile section */
		03AE0564CFEEB97905C5FEEE /* Pods_ALWeatherTask.framework in Frameworks */ = {isa = PBXBuildFile; fileRef = A82E96B1A1351FB2F8B7EFC7 /* Pods_ALWeatherTask.framework */; };
		35AC833BB5417D4763A6BB33 /* Pods_ALWeatherTaskTests.framework in Frameworks */ = {isa = PBXBuildFile; fileRef = C7A1B52A2C885E1E76E29D28 /* Pods_ALWeatherTaskTests.framework */; };
		4BE2675B383729232799B922 /* Pods_ALWeatherTask_ALWeatherTaskUITests.framework in Frameworks */ = {isa = PBXBuildFile; fileRef = C10EF22B4AC6941294105FA4 /* Pods_ALWeatherTask_ALWeatherTaskUITests.framework */; };
		8B0B3B582424290C006C73AE /* AppDelegate.swift in Sources */ = {isa = PBXBuildFile; fileRef = 8B0B3B572424290C006C73AE /* AppDelegate.swift */; };
		8B0B3B5A2424290C006C73AE /* SceneDelegate.swift in Sources */ = {isa = PBXBuildFile; fileRef = 8B0B3B592424290C006C73AE /* SceneDelegate.swift */; };
		8B0B3B5F2424290C006C73AE /* Main.storyboard in Resources */ = {isa = PBXBuildFile; fileRef = 8B0B3B5D2424290C006C73AE /* Main.storyboard */; };
		8B0B3B612424290E006C73AE /* Assets.xcassets in Resources */ = {isa = PBXBuildFile; fileRef = 8B0B3B602424290E006C73AE /* Assets.xcassets */; };
		8B0B3B642424290E006C73AE /* LaunchScreen.storyboard in Resources */ = {isa = PBXBuildFile; fileRef = 8B0B3B622424290E006C73AE /* LaunchScreen.storyboard */; };
		8B0B3B6F2424290F006C73AE /* ALWeatherTaskTests.swift in Sources */ = {isa = PBXBuildFile; fileRef = 8B0B3B6E2424290F006C73AE /* ALWeatherTaskTests.swift */; };
		8B0B3B7A2424290F006C73AE /* ALWeatherTaskUITests.swift in Sources */ = {isa = PBXBuildFile; fileRef = 8B0B3B792424290F006C73AE /* ALWeatherTaskUITests.swift */; };
		8B0D2E1D24269D25003D7015 /* Presentable.swift in Sources */ = {isa = PBXBuildFile; fileRef = 8B0D2E1B24269D25003D7015 /* Presentable.swift */; };
		8B0D2E1E24269D25003D7015 /* Router.swift in Sources */ = {isa = PBXBuildFile; fileRef = 8B0D2E1C24269D25003D7015 /* Router.swift */; };
		8B0D2E2024269D33003D7015 /* AppCoordinator.swift in Sources */ = {isa = PBXBuildFile; fileRef = 8B0D2E1F24269D33003D7015 /* AppCoordinator.swift */; };
		8B0D2E2424269D41003D7015 /* BaseCoordinator.swift in Sources */ = {isa = PBXBuildFile; fileRef = 8B0D2E2224269D41003D7015 /* BaseCoordinator.swift */; };
		8B0D2E2524269D41003D7015 /* MainRouter.swift in Sources */ = {isa = PBXBuildFile; fileRef = 8B0D2E2324269D41003D7015 /* MainRouter.swift */; };
		8B0D2E2824269D4B003D7015 /* MainFactory.swift in Sources */ = {isa = PBXBuildFile; fileRef = 8B0D2E2724269D4B003D7015 /* MainFactory.swift */; };
		8B0D2E2A2426A17F003D7015 /* UIViewController+Extension.swift in Sources */ = {isa = PBXBuildFile; fileRef = 8B0D2E292426A17F003D7015 /* UIViewController+Extension.swift */; };
		8B0D2E2D2426A2E4003D7015 /* AlertBuilder.swift in Sources */ = {isa = PBXBuildFile; fileRef = 8B0D2E2C2426A2E4003D7015 /* AlertBuilder.swift */; };
		8B0D2E302426A931003D7015 /* ALWeatherDetailsViewModel.swift in Sources */ = {isa = PBXBuildFile; fileRef = 8B0D2E2F2426A931003D7015 /* ALWeatherDetailsViewModel.swift */; };
		8B0D2E322426AA35003D7015 /* ALWeatherDetailsController.swift in Sources */ = {isa = PBXBuildFile; fileRef = 8B0D2E312426AA35003D7015 /* ALWeatherDetailsController.swift */; };
		8B0D7B682426BEE10010DA7C /* WeatherError.swift in Sources */ = {isa = PBXBuildFile; fileRef = 8B0D7B672426BEE10010DA7C /* WeatherError.swift */; };
		8B0ED60E24261C0A005D0886 /* NSManagedObjectContext+Utilites.swift in Sources */ = {isa = PBXBuildFile; fileRef = 8B0ED60D24261C0A005D0886 /* NSManagedObjectContext+Utilites.swift */; };
		8B0ED616242628E1005D0886 /* WeatherEntity+Extension.swift in Sources */ = {isa = PBXBuildFile; fileRef = 8B0ED615242628E1005D0886 /* WeatherEntity+Extension.swift */; };
		8B0ED61824263365005D0886 /* WeatherLocalStorageRepo.swift in Sources */ = {isa = PBXBuildFile; fileRef = 8B0ED61724263365005D0886 /* WeatherLocalStorageRepo.swift */; };
		8B0ED61A2426338B005D0886 /* WeatherRemoteRepo.swift in Sources */ = {isa = PBXBuildFile; fileRef = 8B0ED6192426338B005D0886 /* WeatherRemoteRepo.swift */; };
		8B0ED61C24263730005D0886 /* RepoProtocols.swift in Sources */ = {isa = PBXBuildFile; fileRef = 8B0ED61B24263730005D0886 /* RepoProtocols.swift */; };
		8B0ED61E242637DF005D0886 /* WeatherRepo.swift in Sources */ = {isa = PBXBuildFile; fileRef = 8B0ED61D242637DF005D0886 /* WeatherRepo.swift */; };
		8B0ED62024263DAF005D0886 /* ALWeatherViewModel.swift in Sources */ = {isa = PBXBuildFile; fileRef = 8B0ED61F24263DAF005D0886 /* ALWeatherViewModel.swift */; };
		8B0ED62324263EEE005D0886 /* BaseViewModel.swift in Sources */ = {isa = PBXBuildFile; fileRef = 8B0ED62224263EEE005D0886 /* BaseViewModel.swift */; };
		8B0ED62E242640CD005D0886 /* StatefulView.swift in Sources */ = {isa = PBXBuildFile; fileRef = 8B0ED624242640CD005D0886 /* StatefulView.swift */; };
		8B0ED62F242640CD005D0886 /* Store.swift in Sources */ = {isa = PBXBuildFile; fileRef = 8B0ED625242640CD005D0886 /* Store.swift */; };
		8B0ED630242640CD005D0886 /* ViewModel.swift in Sources */ = {isa = PBXBuildFile; fileRef = 8B0ED626242640CD005D0886 /* ViewModel.swift */; };
		8B0ED631242640CD005D0886 /* State.swift in Sources */ = {isa = PBXBuildFile; fileRef = 8B0ED627242640CD005D0886 /* State.swift */; };
		8B0ED632242640CD005D0886 /* Boxing.swift in Sources */ = {isa = PBXBuildFile; fileRef = 8B0ED628242640CD005D0886 /* Boxing.swift */; };
		8B0ED633242640CD005D0886 /* GenericState.swift in Sources */ = {isa = PBXBuildFile; fileRef = 8B0ED629242640CD005D0886 /* GenericState.swift */; };
		8B0ED634242640CD005D0886 /* GenericViewState.swift in Sources */ = {isa = PBXBuildFile; fileRef = 8B0ED62A242640CD005D0886 /* GenericViewState.swift */; };
		8B0ED635242640CD005D0886 /* StateSubscription.swift in Sources */ = {isa = PBXBuildFile; fileRef = 8B0ED62B242640CD005D0886 /* StateSubscription.swift */; };
		8B0ED636242640CD005D0886 /* CustomLogDescriptionConvertible.swift in Sources */ = {isa = PBXBuildFile; fileRef = 8B0ED62C242640CD005D0886 /* CustomLogDescriptionConvertible.swift */; };
		8B0ED637242640CD005D0886 /* CustomOperators.swift in Sources */ = {isa = PBXBuildFile; fileRef = 8B0ED62D242640CD005D0886 /* CustomOperators.swift */; };
		8B0ED63A24264557005D0886 /* WeatherTableViewCell.swift in Sources */ = {isa = PBXBuildFile; fileRef = 8B0ED63924264557005D0886 /* WeatherTableViewCell.swift */; };
		8B0ED63D24264783005D0886 /* Number+Extension.swift in Sources */ = {isa = PBXBuildFile; fileRef = 8B0ED63C24264783005D0886 /* Number+Extension.swift */; };
		8B0ED64124264A0B005D0886 /* UICollectionView + Extension.swift in Sources */ = {isa = PBXBuildFile; fileRef = 8B0ED63F24264A0B005D0886 /* UICollectionView + Extension.swift */; };
		8B0ED64224264A0B005D0886 /* UITableView + Extension.swift in Sources */ = {isa = PBXBuildFile; fileRef = 8B0ED64024264A0B005D0886 /* UITableView + Extension.swift */; };
		8B0ED64424264A10005D0886 /* Cellable.swift in Sources */ = {isa = PBXBuildFile; fileRef = 8B0ED64324264A10005D0886 /* Cellable.swift */; };
		8B30DF6424252C54003CBBF3 /* Result.swift in Sources */ = {isa = PBXBuildFile; fileRef = 8B30DF5D24252C53003CBBF3 /* Result.swift */; };
		8B30DF6624252C54003CBBF3 /* ResponseHandler.swift in Sources */ = {isa = PBXBuildFile; fileRef = 8B30DF5F24252C53003CBBF3 /* ResponseHandler.swift */; };
		8B30DF6724252C54003CBBF3 /* ResponseProtocol.swift in Sources */ = {isa = PBXBuildFile; fileRef = 8B30DF6024252C53003CBBF3 /* ResponseProtocol.swift */; };
		8B30DF6824252C54003CBBF3 /* KKHttpMethod.swift in Sources */ = {isa = PBXBuildFile; fileRef = 8B30DF6124252C53003CBBF3 /* KKHttpMethod.swift */; };
		8B30DF6924252C54003CBBF3 /* RequstBuilderProtocol.swift in Sources */ = {isa = PBXBuildFile; fileRef = 8B30DF6224252C53003CBBF3 /* RequstBuilderProtocol.swift */; };
		8B30DF6A24252C54003CBBF3 /* Error.swift in Sources */ = {isa = PBXBuildFile; fileRef = 8B30DF6324252C54003CBBF3 /* Error.swift */; };
		8B30DF6C24253234003CBBF3 /* Api.swift in Sources */ = {isa = PBXBuildFile; fileRef = 8B30DF6B24253234003CBBF3 /* Api.swift */; };
		8B30DF6E24253289003CBBF3 /* RequstBuilderProtocol+Extension.swift in Sources */ = {isa = PBXBuildFile; fileRef = 8B30DF6D24253289003CBBF3 /* RequstBuilderProtocol+Extension.swift */; };
		8B30DF7124253DCC003CBBF3 /* ALWeatherController.swift in Sources */ = {isa = PBXBuildFile; fileRef = 8B30DF7024253DCC003CBBF3 /* ALWeatherController.swift */; };
		8B30DF7424254170003CBBF3 /* WeatherReponseModel.swift in Sources */ = {isa = PBXBuildFile; fileRef = 8B30DF7324254170003CBBF3 /* WeatherReponseModel.swift */; };
		8B30DFC424254EB4003CBBF3 /* LocationManger.swift in Sources */ = {isa = PBXBuildFile; fileRef = 8B30DFC124254EB4003CBBF3 /* LocationManger.swift */; };
		8B30DFC524254EB4003CBBF3 /* LocationAuthorization.swift in Sources */ = {isa = PBXBuildFile; fileRef = 8B30DFC224254EB4003CBBF3 /* LocationAuthorization.swift */; };
		8B30DFC624254EB4003CBBF3 /* LocationProvider.swift in Sources */ = {isa = PBXBuildFile; fileRef = 8B30DFC324254EB4003CBBF3 /* LocationProvider.swift */; };
		8B30DFC824255399003CBBF3 /* ALWLocationManger.swift in Sources */ = {isa = PBXBuildFile; fileRef = 8B30DFC724255399003CBBF3 /* ALWLocationManger.swift */; };
		8B30DFCA24257406003CBBF3 /* CoreDataStackImp.swift in Sources */ = {isa = PBXBuildFile; fileRef = 8B30DFC924257406003CBBF3 /* CoreDataStackImp.swift */; };
		8B30DFCD24258175003CBBF3 /* Weather.xcdatamodeld in Sources */ = {isa = PBXBuildFile; fileRef = 8B30DFCB24258175003CBBF3 /* Weather.xcdatamodeld */; };
		8B30DFCF242581B8003CBBF3 /* ALWeatherModel.swift in Sources */ = {isa = PBXBuildFile; fileRef = 8B30DFCE242581B8003CBBF3 /* ALWeatherModel.swift */; };
/* End PBXBuildFile section */

/* Begin PBXContainerItemProxy section */
		8B0B3B6B2424290F006C73AE /* PBXContainerItemProxy */ = {
			isa = PBXContainerItemProxy;
			containerPortal = 8B0B3B4C2424290C006C73AE /* Project object */;
			proxyType = 1;
			remoteGlobalIDString = 8B0B3B532424290C006C73AE;
			remoteInfo = ALWeatherTask;
		};
		8B0B3B762424290F006C73AE /* PBXContainerItemProxy */ = {
			isa = PBXContainerItemProxy;
			containerPortal = 8B0B3B4C2424290C006C73AE /* Project object */;
			proxyType = 1;
			remoteGlobalIDString = 8B0B3B532424290C006C73AE;
			remoteInfo = ALWeatherTask;
		};
/* End PBXContainerItemProxy section */

/* Begin PBXFileReference section */
		8B0B3B542424290C006C73AE /* ALWeatherTask.app */ = {isa = PBXFileReference; explicitFileType = wrapper.application; includeInIndex = 0; path = ALWeatherTask.app; sourceTree = BUILT_PRODUCTS_DIR; };
		8B0B3B572424290C006C73AE /* AppDelegate.swift */ = {isa = PBXFileReference; lastKnownFileType = sourcecode.swift; path = AppDelegate.swift; sourceTree = "<group>"; };
		8B0B3B592424290C006C73AE /* SceneDelegate.swift */ = {isa = PBXFileReference; lastKnownFileType = sourcecode.swift; path = SceneDelegate.swift; sourceTree = "<group>"; };
		8B0B3B5E2424290C006C73AE /* Base */ = {isa = PBXFileReference; lastKnownFileType = file.storyboard; name = Base; path = Base.lproj/Main.storyboard; sourceTree = "<group>"; };
		8B0B3B602424290E006C73AE /* Assets.xcassets */ = {isa = PBXFileReference; lastKnownFileType = folder.assetcatalog; path = Assets.xcassets; sourceTree = "<group>"; };
		8B0B3B632424290E006C73AE /* Base */ = {isa = PBXFileReference; lastKnownFileType = file.storyboard; name = Base; path = Base.lproj/LaunchScreen.storyboard; sourceTree = "<group>"; };
		8B0B3B652424290E006C73AE /* Info.plist */ = {isa = PBXFileReference; lastKnownFileType = text.plist.xml; path = Info.plist; sourceTree = "<group>"; };
		8B0B3B6A2424290F006C73AE /* ALWeatherTaskTests.xctest */ = {isa = PBXFileReference; explicitFileType = wrapper.cfbundle; includeInIndex = 0; path = ALWeatherTaskTests.xctest; sourceTree = BUILT_PRODUCTS_DIR; };
		8B0B3B6E2424290F006C73AE /* ALWeatherTaskTests.swift */ = {isa = PBXFileReference; lastKnownFileType = sourcecode.swift; path = ALWeatherTaskTests.swift; sourceTree = "<group>"; };
		8B0B3B702424290F006C73AE /* Info.plist */ = {isa = PBXFileReference; lastKnownFileType = text.plist.xml; path = Info.plist; sourceTree = "<group>"; };
		8B0B3B752424290F006C73AE /* ALWeatherTaskUITests.xctest */ = {isa = PBXFileReference; explicitFileType = wrapper.cfbundle; includeInIndex = 0; path = ALWeatherTaskUITests.xctest; sourceTree = BUILT_PRODUCTS_DIR; };
		8B0B3B792424290F006C73AE /* ALWeatherTaskUITests.swift */ = {isa = PBXFileReference; lastKnownFileType = sourcecode.swift; path = ALWeatherTaskUITests.swift; sourceTree = "<group>"; };
		8B0B3B7B2424290F006C73AE /* Info.plist */ = {isa = PBXFileReference; lastKnownFileType = text.plist.xml; path = Info.plist; sourceTree = "<group>"; };
		8B0D2E1B24269D25003D7015 /* Presentable.swift */ = {isa = PBXFileReference; fileEncoding = 4; lastKnownFileType = sourcecode.swift; path = Presentable.swift; sourceTree = "<group>"; };
		8B0D2E1C24269D25003D7015 /* Router.swift */ = {isa = PBXFileReference; fileEncoding = 4; lastKnownFileType = sourcecode.swift; path = Router.swift; sourceTree = "<group>"; };
		8B0D2E1F24269D33003D7015 /* AppCoordinator.swift */ = {isa = PBXFileReference; fileEncoding = 4; lastKnownFileType = sourcecode.swift; path = AppCoordinator.swift; sourceTree = "<group>"; };
		8B0D2E2224269D41003D7015 /* BaseCoordinator.swift */ = {isa = PBXFileReference; fileEncoding = 4; lastKnownFileType = sourcecode.swift; path = BaseCoordinator.swift; sourceTree = "<group>"; };
		8B0D2E2324269D41003D7015 /* MainRouter.swift */ = {isa = PBXFileReference; fileEncoding = 4; lastKnownFileType = sourcecode.swift; path = MainRouter.swift; sourceTree = "<group>"; };
		8B0D2E2724269D4B003D7015 /* MainFactory.swift */ = {isa = PBXFileReference; fileEncoding = 4; lastKnownFileType = sourcecode.swift; path = MainFactory.swift; sourceTree = "<group>"; };
		8B0D2E292426A17F003D7015 /* UIViewController+Extension.swift */ = {isa = PBXFileReference; fileEncoding = 4; lastKnownFileType = sourcecode.swift; path = "UIViewController+Extension.swift"; sourceTree = "<group>"; };
		8B0D2E2C2426A2E4003D7015 /* AlertBuilder.swift */ = {isa = PBXFileReference; fileEncoding = 4; lastKnownFileType = sourcecode.swift; path = AlertBuilder.swift; sourceTree = "<group>"; };
		8B0D2E2F2426A931003D7015 /* ALWeatherDetailsViewModel.swift */ = {isa = PBXFileReference; lastKnownFileType = sourcecode.swift; path = ALWeatherDetailsViewModel.swift; sourceTree = "<group>"; };
		8B0D2E312426AA35003D7015 /* ALWeatherDetailsController.swift */ = {isa = PBXFileReference; lastKnownFileType = sourcecode.swift; path = ALWeatherDetailsController.swift; sourceTree = "<group>"; };
		8B0D7B672426BEE10010DA7C /* WeatherError.swift */ = {isa = PBXFileReference; lastKnownFileType = sourcecode.swift; path = WeatherError.swift; sourceTree = "<group>"; };
		8B0ED60D24261C0A005D0886 /* NSManagedObjectContext+Utilites.swift */ = {isa = PBXFileReference; lastKnownFileType = sourcecode.swift; path = "NSManagedObjectContext+Utilites.swift"; sourceTree = "<group>"; };
		8B0ED615242628E1005D0886 /* WeatherEntity+Extension.swift */ = {isa = PBXFileReference; lastKnownFileType = sourcecode.swift; path = "WeatherEntity+Extension.swift"; sourceTree = "<group>"; };
		8B0ED61724263365005D0886 /* WeatherLocalStorageRepo.swift */ = {isa = PBXFileReference; lastKnownFileType = sourcecode.swift; path = WeatherLocalStorageRepo.swift; sourceTree = "<group>"; };
		8B0ED6192426338B005D0886 /* WeatherRemoteRepo.swift */ = {isa = PBXFileReference; lastKnownFileType = sourcecode.swift; path = WeatherRemoteRepo.swift; sourceTree = "<group>"; };
		8B0ED61B24263730005D0886 /* RepoProtocols.swift */ = {isa = PBXFileReference; lastKnownFileType = sourcecode.swift; path = RepoProtocols.swift; sourceTree = "<group>"; };
		8B0ED61D242637DF005D0886 /* WeatherRepo.swift */ = {isa = PBXFileReference; lastKnownFileType = sourcecode.swift; path = WeatherRepo.swift; sourceTree = "<group>"; };
		8B0ED61F24263DAF005D0886 /* ALWeatherViewModel.swift */ = {isa = PBXFileReference; lastKnownFileType = sourcecode.swift; path = ALWeatherViewModel.swift; sourceTree = "<group>"; };
		8B0ED62224263EEE005D0886 /* BaseViewModel.swift */ = {isa = PBXFileReference; lastKnownFileType = sourcecode.swift; path = BaseViewModel.swift; sourceTree = "<group>"; };
		8B0ED624242640CD005D0886 /* StatefulView.swift */ = {isa = PBXFileReference; fileEncoding = 4; lastKnownFileType = sourcecode.swift; path = StatefulView.swift; sourceTree = "<group>"; };
		8B0ED625242640CD005D0886 /* Store.swift */ = {isa = PBXFileReference; fileEncoding = 4; lastKnownFileType = sourcecode.swift; path = Store.swift; sourceTree = "<group>"; };
		8B0ED626242640CD005D0886 /* ViewModel.swift */ = {isa = PBXFileReference; fileEncoding = 4; lastKnownFileType = sourcecode.swift; path = ViewModel.swift; sourceTree = "<group>"; };
		8B0ED627242640CD005D0886 /* State.swift */ = {isa = PBXFileReference; fileEncoding = 4; lastKnownFileType = sourcecode.swift; path = State.swift; sourceTree = "<group>"; };
		8B0ED628242640CD005D0886 /* Boxing.swift */ = {isa = PBXFileReference; fileEncoding = 4; lastKnownFileType = sourcecode.swift; path = Boxing.swift; sourceTree = "<group>"; };
		8B0ED629242640CD005D0886 /* GenericState.swift */ = {isa = PBXFileReference; fileEncoding = 4; lastKnownFileType = sourcecode.swift; path = GenericState.swift; sourceTree = "<group>"; };
		8B0ED62A242640CD005D0886 /* GenericViewState.swift */ = {isa = PBXFileReference; fileEncoding = 4; lastKnownFileType = sourcecode.swift; path = GenericViewState.swift; sourceTree = "<group>"; };
		8B0ED62B242640CD005D0886 /* StateSubscription.swift */ = {isa = PBXFileReference; fileEncoding = 4; lastKnownFileType = sourcecode.swift; path = StateSubscription.swift; sourceTree = "<group>"; };
		8B0ED62C242640CD005D0886 /* CustomLogDescriptionConvertible.swift */ = {isa = PBXFileReference; fileEncoding = 4; lastKnownFileType = sourcecode.swift; path = CustomLogDescriptionConvertible.swift; sourceTree = "<group>"; };
		8B0ED62D242640CD005D0886 /* CustomOperators.swift */ = {isa = PBXFileReference; fileEncoding = 4; lastKnownFileType = sourcecode.swift; path = CustomOperators.swift; sourceTree = "<group>"; };
		8B0ED63924264557005D0886 /* WeatherTableViewCell.swift */ = {isa = PBXFileReference; lastKnownFileType = sourcecode.swift; path = WeatherTableViewCell.swift; sourceTree = "<group>"; };
		8B0ED63C24264783005D0886 /* Number+Extension.swift */ = {isa = PBXFileReference; lastKnownFileType = sourcecode.swift; path = "Number+Extension.swift"; sourceTree = "<group>"; };
		8B0ED63F24264A0B005D0886 /* UICollectionView + Extension.swift */ = {isa = PBXFileReference; fileEncoding = 4; lastKnownFileType = sourcecode.swift; path = "UICollectionView + Extension.swift"; sourceTree = "<group>"; };
		8B0ED64024264A0B005D0886 /* UITableView + Extension.swift */ = {isa = PBXFileReference; fileEncoding = 4; lastKnownFileType = sourcecode.swift; path = "UITableView + Extension.swift"; sourceTree = "<group>"; };
		8B0ED64324264A10005D0886 /* Cellable.swift */ = {isa = PBXFileReference; fileEncoding = 4; lastKnownFileType = sourcecode.swift; path = Cellable.swift; sourceTree = "<group>"; };
		8B30DF5D24252C53003CBBF3 /* Result.swift */ = {isa = PBXFileReference; fileEncoding = 4; lastKnownFileType = sourcecode.swift; path = Result.swift; sourceTree = "<group>"; };
		8B30DF5F24252C53003CBBF3 /* ResponseHandler.swift */ = {isa = PBXFileReference; fileEncoding = 4; lastKnownFileType = sourcecode.swift; path = ResponseHandler.swift; sourceTree = "<group>"; };
		8B30DF6024252C53003CBBF3 /* ResponseProtocol.swift */ = {isa = PBXFileReference; fileEncoding = 4; lastKnownFileType = sourcecode.swift; path = ResponseProtocol.swift; sourceTree = "<group>"; };
		8B30DF6124252C53003CBBF3 /* KKHttpMethod.swift */ = {isa = PBXFileReference; fileEncoding = 4; lastKnownFileType = sourcecode.swift; path = KKHttpMethod.swift; sourceTree = "<group>"; };
		8B30DF6224252C53003CBBF3 /* RequstBuilderProtocol.swift */ = {isa = PBXFileReference; fileEncoding = 4; lastKnownFileType = sourcecode.swift; path = RequstBuilderProtocol.swift; sourceTree = "<group>"; };
		8B30DF6324252C54003CBBF3 /* Error.swift */ = {isa = PBXFileReference; fileEncoding = 4; lastKnownFileType = sourcecode.swift; path = Error.swift; sourceTree = "<group>"; };
		8B30DF6B24253234003CBBF3 /* Api.swift */ = {isa = PBXFileReference; lastKnownFileType = sourcecode.swift; path = Api.swift; sourceTree = "<group>"; };
		8B30DF6D24253289003CBBF3 /* RequstBuilderProtocol+Extension.swift */ = {isa = PBXFileReference; fileEncoding = 4; lastKnownFileType = sourcecode.swift; path = "RequstBuilderProtocol+Extension.swift"; sourceTree = "<group>"; };
		8B30DF7024253DCC003CBBF3 /* ALWeatherController.swift */ = {isa = PBXFileReference; lastKnownFileType = sourcecode.swift; path = ALWeatherController.swift; sourceTree = "<group>"; };
		8B30DF7324254170003CBBF3 /* WeatherReponseModel.swift */ = {isa = PBXFileReference; lastKnownFileType = sourcecode.swift; path = WeatherReponseModel.swift; sourceTree = "<group>"; };
		8B30DFC124254EB4003CBBF3 /* LocationManger.swift */ = {isa = PBXFileReference; fileEncoding = 4; lastKnownFileType = sourcecode.swift; path = LocationManger.swift; sourceTree = "<group>"; };
		8B30DFC224254EB4003CBBF3 /* LocationAuthorization.swift */ = {isa = PBXFileReference; fileEncoding = 4; lastKnownFileType = sourcecode.swift; path = LocationAuthorization.swift; sourceTree = "<group>"; };
		8B30DFC324254EB4003CBBF3 /* LocationProvider.swift */ = {isa = PBXFileReference; fileEncoding = 4; lastKnownFileType = sourcecode.swift; path = LocationProvider.swift; sourceTree = "<group>"; };
		8B30DFC724255399003CBBF3 /* ALWLocationManger.swift */ = {isa = PBXFileReference; lastKnownFileType = sourcecode.swift; path = ALWLocationManger.swift; sourceTree = "<group>"; };
		8B30DFC924257406003CBBF3 /* CoreDataStackImp.swift */ = {isa = PBXFileReference; lastKnownFileType = sourcecode.swift; path = CoreDataStackImp.swift; sourceTree = "<group>"; };
		8B30DFCC24258175003CBBF3 /* Weather.xcdatamodel */ = {isa = PBXFileReference; lastKnownFileType = wrapper.xcdatamodel; path = Weather.xcdatamodel; sourceTree = "<group>"; };
		8B30DFCE242581B8003CBBF3 /* ALWeatherModel.swift */ = {isa = PBXFileReference; lastKnownFileType = sourcecode.swift; path = ALWeatherModel.swift; sourceTree = "<group>"; };
		A82E96B1A1351FB2F8B7EFC7 /* Pods_ALWeatherTask.framework */ = {isa = PBXFileReference; explicitFileType = wrapper.framework; includeInIndex = 0; path = Pods_ALWeatherTask.framework; sourceTree = BUILT_PRODUCTS_DIR; };
		B2D41FA2F36D517C65791DAE /* Pods-ALWeatherTask-ALWeatherTaskUITests.debug.xcconfig */ = {isa = PBXFileReference; includeInIndex = 1; lastKnownFileType = text.xcconfig; name = "Pods-ALWeatherTask-ALWeatherTaskUITests.debug.xcconfig"; path = "Target Support Files/Pods-ALWeatherTask-ALWeatherTaskUITests/Pods-ALWeatherTask-ALWeatherTaskUITests.debug.xcconfig"; sourceTree = "<group>"; };
		C10EF22B4AC6941294105FA4 /* Pods_ALWeatherTask_ALWeatherTaskUITests.framework */ = {isa = PBXFileReference; explicitFileType = wrapper.framework; includeInIndex = 0; path = Pods_ALWeatherTask_ALWeatherTaskUITests.framework; sourceTree = BUILT_PRODUCTS_DIR; };
		C34660BD8174AE49092F872F /* Pods-ALWeatherTaskTests.release.xcconfig */ = {isa = PBXFileReference; includeInIndex = 1; lastKnownFileType = text.xcconfig; name = "Pods-ALWeatherTaskTests.release.xcconfig"; path = "Target Support Files/Pods-ALWeatherTaskTests/Pods-ALWeatherTaskTests.release.xcconfig"; sourceTree = "<group>"; };
		C7A1B52A2C885E1E76E29D28 /* Pods_ALWeatherTaskTests.framework */ = {isa = PBXFileReference; explicitFileType = wrapper.framework; includeInIndex = 0; path = Pods_ALWeatherTaskTests.framework; sourceTree = BUILT_PRODUCTS_DIR; };
		D9E391D2F8FB8229FF7AE93D /* Pods-ALWeatherTask-ALWeatherTaskUITests.release.xcconfig */ = {isa = PBXFileReference; includeInIndex = 1; lastKnownFileType = text.xcconfig; name = "Pods-ALWeatherTask-ALWeatherTaskUITests.release.xcconfig"; path = "Target Support Files/Pods-ALWeatherTask-ALWeatherTaskUITests/Pods-ALWeatherTask-ALWeatherTaskUITests.release.xcconfig"; sourceTree = "<group>"; };
		E65CFAB00AF369F676C306FB /* Pods-ALWeatherTask.debug.xcconfig */ = {isa = PBXFileReference; includeInIndex = 1; lastKnownFileType = text.xcconfig; name = "Pods-ALWeatherTask.debug.xcconfig"; path = "Target Support Files/Pods-ALWeatherTask/Pods-ALWeatherTask.debug.xcconfig"; sourceTree = "<group>"; };
		F4C7846EEEBEA286BED1759E /* Pods-ALWeatherTaskTests.debug.xcconfig */ = {isa = PBXFileReference; includeInIndex = 1; lastKnownFileType = text.xcconfig; name = "Pods-ALWeatherTaskTests.debug.xcconfig"; path = "Target Support Files/Pods-ALWeatherTaskTests/Pods-ALWeatherTaskTests.debug.xcconfig"; sourceTree = "<group>"; };
		FB63DD42701446BFFD3D1095 /* Pods-ALWeatherTask.release.xcconfig */ = {isa = PBXFileReference; includeInIndex = 1; lastKnownFileType = text.xcconfig; name = "Pods-ALWeatherTask.release.xcconfig"; path = "Target Support Files/Pods-ALWeatherTask/Pods-ALWeatherTask.release.xcconfig"; sourceTree = "<group>"; };
/* End PBXFileReference section */

/* Begin PBXFrameworksBuildPhase section */
		8B0B3B512424290C006C73AE /* Frameworks */ = {
			isa = PBXFrameworksBuildPhase;
			buildActionMask = 2147483647;
			files = (
				03AE0564CFEEB97905C5FEEE /* Pods_ALWeatherTask.framework in Frameworks */,
			);
			runOnlyForDeploymentPostprocessing = 0;
		};
		8B0B3B672424290F006C73AE /* Frameworks */ = {
			isa = PBXFrameworksBuildPhase;
			buildActionMask = 2147483647;
			files = (
				35AC833BB5417D4763A6BB33 /* Pods_ALWeatherTaskTests.framework in Frameworks */,
			);
			runOnlyForDeploymentPostprocessing = 0;
		};
		8B0B3B722424290F006C73AE /* Frameworks */ = {
			isa = PBXFrameworksBuildPhase;
			buildActionMask = 2147483647;
			files = (
				4BE2675B383729232799B922 /* Pods_ALWeatherTask_ALWeatherTaskUITests.framework in Frameworks */,
			);
			runOnlyForDeploymentPostprocessing = 0;
		};
/* End PBXFrameworksBuildPhase section */

/* Begin PBXGroup section */
		32E4FECEB1CEF0D636E0D579 /* Pods */ = {
			isa = PBXGroup;
			children = (
				E65CFAB00AF369F676C306FB /* Pods-ALWeatherTask.debug.xcconfig */,
				FB63DD42701446BFFD3D1095 /* Pods-ALWeatherTask.release.xcconfig */,
				B2D41FA2F36D517C65791DAE /* Pods-ALWeatherTask-ALWeatherTaskUITests.debug.xcconfig */,
				D9E391D2F8FB8229FF7AE93D /* Pods-ALWeatherTask-ALWeatherTaskUITests.release.xcconfig */,
				F4C7846EEEBEA286BED1759E /* Pods-ALWeatherTaskTests.debug.xcconfig */,
				C34660BD8174AE49092F872F /* Pods-ALWeatherTaskTests.release.xcconfig */,
			);
			path = Pods;
			sourceTree = "<group>";
		};
		701E2844002B46052E72A5CB /* Frameworks */ = {
			isa = PBXGroup;
			children = (
				A82E96B1A1351FB2F8B7EFC7 /* Pods_ALWeatherTask.framework */,
				C10EF22B4AC6941294105FA4 /* Pods_ALWeatherTask_ALWeatherTaskUITests.framework */,
				C7A1B52A2C885E1E76E29D28 /* Pods_ALWeatherTaskTests.framework */,
			);
			name = Frameworks;
			sourceTree = "<group>";
		};
		8B0B3B4B2424290C006C73AE = {
			isa = PBXGroup;
			children = (
				8B0B3B562424290C006C73AE /* ALWeatherTask */,
				8B0B3B6D2424290F006C73AE /* ALWeatherTaskTests */,
				8B0B3B782424290F006C73AE /* ALWeatherTaskUITests */,
				8B0B3B552424290C006C73AE /* Products */,
				32E4FECEB1CEF0D636E0D579 /* Pods */,
				701E2844002B46052E72A5CB /* Frameworks */,
			);
			sourceTree = "<group>";
		};
		8B0B3B552424290C006C73AE /* Products */ = {
			isa = PBXGroup;
			children = (
				8B0B3B542424290C006C73AE /* ALWeatherTask.app */,
				8B0B3B6A2424290F006C73AE /* ALWeatherTaskTests.xctest */,
				8B0B3B752424290F006C73AE /* ALWeatherTaskUITests.xctest */,
			);
			name = Products;
			sourceTree = "<group>";
		};
		8B0B3B562424290C006C73AE /* ALWeatherTask */ = {
			isa = PBXGroup;
			children = (
				8B0D2E1924269D10003D7015 /* Coordinator */,
				8B0B3B8C24242F6A006C73AE /* Utility */,
				8B0B3B8B24242F64006C73AE /* Common */,
				8B0B3B8A24242F58006C73AE /* Extension */,
				8B0B3B8924242F47006C73AE /* Scence */,
				8B0B3B8824242F3F006C73AE /* Data */,
				8B0B3B8724242F0D006C73AE /* Delegate */,
				8B0B3B5D2424290C006C73AE /* Main.storyboard */,
				8B0B3B602424290E006C73AE /* Assets.xcassets */,
				8B0B3B622424290E006C73AE /* LaunchScreen.storyboard */,
				8B0B3B652424290E006C73AE /* Info.plist */,
			);
			path = ALWeatherTask;
			sourceTree = "<group>";
		};
		8B0B3B6D2424290F006C73AE /* ALWeatherTaskTests */ = {
			isa = PBXGroup;
			children = (
				8B0D7B692426C1F20010DA7C /* Data */,
				8B0B3B6E2424290F006C73AE /* ALWeatherTaskTests.swift */,
				8B0B3B702424290F006C73AE /* Info.plist */,
			);
			path = ALWeatherTaskTests;
			sourceTree = "<group>";
		};
		8B0B3B782424290F006C73AE /* ALWeatherTaskUITests */ = {
			isa = PBXGroup;
			children = (
				8B0B3B792424290F006C73AE /* ALWeatherTaskUITests.swift */,
				8B0B3B7B2424290F006C73AE /* Info.plist */,
			);
			path = ALWeatherTaskUITests;
			sourceTree = "<group>";
		};
		8B0B3B8724242F0D006C73AE /* Delegate */ = {
			isa = PBXGroup;
			children = (
				8B0B3B572424290C006C73AE /* AppDelegate.swift */,
				8B0B3B592424290C006C73AE /* SceneDelegate.swift */,
			);
			path = Delegate;
			sourceTree = "<group>";
		};
		8B0B3B8824242F3F006C73AE /* Data */ = {
			isa = PBXGroup;
			children = (
				8B30DF7224254167003CBBF3 /* Model */,
				8B0B3B8F24242FA3006C73AE /* Repository */,
				8B0B3B8E24242F8E006C73AE /* LocalStorage */,
				8B0B3B8D24242F86006C73AE /* Network */,
			);
			path = Data;
			sourceTree = "<group>";
		};
		8B0B3B8924242F47006C73AE /* Scence */ = {
			isa = PBXGroup;
			children = (
				8B0D2E2E2426A3AA003D7015 /* WeatherDetails */,
				8B30DF6F24253DAE003CBBF3 /* Weather */,
			);
			path = Scence;
			sourceTree = "<group>";
		};
		8B0B3B8A24242F58006C73AE /* Extension */ = {
			isa = PBXGroup;
			children = (
				8B0ED63E242649FF005D0886 /* UI */,
				8B0ED63B2426475E005D0886 /* Foundation */,
			);
			path = Extension;
			sourceTree = "<group>";
		};
		8B0B3B8B24242F64006C73AE /* Common */ = {
			isa = PBXGroup;
			children = (
				8B0ED62124263EE3005D0886 /* BaseViewModel */,
			);
			path = Common;
			sourceTree = "<group>";
		};
		8B0B3B8C24242F6A006C73AE /* Utility */ = {
			isa = PBXGroup;
			children = (
				8B0D2E2B2426A2DD003D7015 /* UI */,
				8B30DF7524254888003CBBF3 /* Location */,
			);
			path = Utility;
			sourceTree = "<group>";
		};
		8B0B3B8D24242F86006C73AE /* Network */ = {
			isa = PBXGroup;
			children = (
				8B30DF5C24252C39003CBBF3 /* Builder */,
				8B30DF6B24253234003CBBF3 /* Api.swift */,
				8B30DF6D24253289003CBBF3 /* RequstBuilderProtocol+Extension.swift */,
			);
			path = Network;
			sourceTree = "<group>";
		};
		8B0B3B8E24242F8E006C73AE /* LocalStorage */ = {
			isa = PBXGroup;
			children = (
				8B30DFC924257406003CBBF3 /* CoreDataStackImp.swift */,
				8B0ED615242628E1005D0886 /* WeatherEntity+Extension.swift */,
				8B30DFCB24258175003CBBF3 /* Weather.xcdatamodeld */,
				8B0ED60D24261C0A005D0886 /* NSManagedObjectContext+Utilites.swift */,
			);
			path = LocalStorage;
			sourceTree = "<group>";
		};
		8B0B3B8F24242FA3006C73AE /* Repository */ = {
			isa = PBXGroup;
			children = (
				8B0ED61724263365005D0886 /* WeatherLocalStorageRepo.swift */,
				8B0ED6192426338B005D0886 /* WeatherRemoteRepo.swift */,
				8B0ED61D242637DF005D0886 /* WeatherRepo.swift */,
				8B0ED61B24263730005D0886 /* RepoProtocols.swift */,
				8B0D7B672426BEE10010DA7C /* WeatherError.swift */,
			);
			path = Repository;
			sourceTree = "<group>";
		};
		8B0D2E1924269D10003D7015 /* Coordinator */ = {
			isa = PBXGroup;
			children = (
				8B0D2E1F24269D33003D7015 /* AppCoordinator.swift */,
				8B0D2E2624269D4B003D7015 /* ViewControllerFactory */,
				8B0D2E2124269D41003D7015 /* WireFrame */,
				8B0D2E1A24269D25003D7015 /* Navigator */,
			);
			path = Coordinator;
			sourceTree = "<group>";
		};
		8B0D2E1A24269D25003D7015 /* Navigator */ = {
			isa = PBXGroup;
			children = (
				8B0D2E2224269D41003D7015 /* BaseCoordinator.swift */,
				8B0D2E1B24269D25003D7015 /* Presentable.swift */,
				8B0D2E1C24269D25003D7015 /* Router.swift */,
			);
			path = Navigator;
			sourceTree = "<group>";
		};
		8B0D2E2124269D41003D7015 /* WireFrame */ = {
			isa = PBXGroup;
			children = (
				8B0D2E2324269D41003D7015 /* MainRouter.swift */,
			);
			path = WireFrame;
			sourceTree = "<group>";
		};
		8B0D2E2624269D4B003D7015 /* ViewControllerFactory */ = {
			isa = PBXGroup;
			children = (
				8B0D2E2724269D4B003D7015 /* MainFactory.swift */,
			);
			path = ViewControllerFactory;
			sourceTree = "<group>";
		};
		8B0D2E2B2426A2DD003D7015 /* UI */ = {
			isa = PBXGroup;
			children = (
				8B0D2E2C2426A2E4003D7015 /* AlertBuilder.swift */,
			);
			path = UI;
			sourceTree = "<group>";
		};
		8B0D2E2E2426A3AA003D7015 /* WeatherDetails */ = {
			isa = PBXGroup;
			children = (
				8B0D2E2F2426A931003D7015 /* ALWeatherDetailsViewModel.swift */,
				8B0D2E312426AA35003D7015 /* ALWeatherDetailsController.swift */,
			);
			path = WeatherDetails;
			sourceTree = "<group>";
		};
		8B0D7B692426C1F20010DA7C /* Data */ = {
			isa = PBXGroup;
			children = (
			);
			path = Data;
			sourceTree = "<group>";
		};
		8B0D7B6A2426C5CE0010DA7C /* ViewState */ = {
			isa = PBXGroup;
			children = (
				8B0ED62C242640CD005D0886 /* CustomLogDescriptionConvertible.swift */,
				8B0ED62D242640CD005D0886 /* CustomOperators.swift */,
				8B0ED629242640CD005D0886 /* GenericState.swift */,
				8B0ED62A242640CD005D0886 /* GenericViewState.swift */,
				8B0ED627242640CD005D0886 /* State.swift */,
				8B0ED624242640CD005D0886 /* StatefulView.swift */,
				8B0ED62B242640CD005D0886 /* StateSubscription.swift */,
				8B0ED625242640CD005D0886 /* Store.swift */,
				8B0ED626242640CD005D0886 /* ViewModel.swift */,
			);
			path = ViewState;
			sourceTree = "<group>";
		};
		8B0ED62124263EE3005D0886 /* BaseViewModel */ = {
			isa = PBXGroup;
			children = (
				8B0D7B6A2426C5CE0010DA7C /* ViewState */,
				8B0ED628242640CD005D0886 /* Boxing.swift */,
				8B0ED62224263EEE005D0886 /* BaseViewModel.swift */,
			);
			path = BaseViewModel;
			sourceTree = "<group>";
		};
		8B0ED6382426453C005D0886 /* Cell */ = {
			isa = PBXGroup;
			children = (
				8B0ED63924264557005D0886 /* WeatherTableViewCell.swift */,
			);
			path = Cell;
			sourceTree = "<group>";
		};
		8B0ED63B2426475E005D0886 /* Foundation */ = {
			isa = PBXGroup;
			children = (
				8B0ED63C24264783005D0886 /* Number+Extension.swift */,
			);
			path = Foundation;
			sourceTree = "<group>";
		};
		8B0ED63E242649FF005D0886 /* UI */ = {
			isa = PBXGroup;
			children = (
				8B0ED64324264A10005D0886 /* Cellable.swift */,
				8B0ED63F24264A0B005D0886 /* UICollectionView + Extension.swift */,
				8B0D2E292426A17F003D7015 /* UIViewController+Extension.swift */,
				8B0ED64024264A0B005D0886 /* UITableView + Extension.swift */,
			);
			path = UI;
			sourceTree = "<group>";
		};
		8B30DF5C24252C39003CBBF3 /* Builder */ = {
			isa = PBXGroup;
			children = (
				8B30DF6224252C53003CBBF3 /* RequstBuilderProtocol.swift */,
				8B30DF6124252C53003CBBF3 /* KKHttpMethod.swift */,
				8B30DF6324252C54003CBBF3 /* Error.swift */,
				8B30DF5D24252C53003CBBF3 /* Result.swift */,
				8B30DF6024252C53003CBBF3 /* ResponseProtocol.swift */,
				8B30DF5F24252C53003CBBF3 /* ResponseHandler.swift */,
			);
			path = Builder;
			sourceTree = "<group>";
		};
		8B30DF6F24253DAE003CBBF3 /* Weather */ = {
			isa = PBXGroup;
			children = (
				8B0ED6382426453C005D0886 /* Cell */,
				8B30DF7024253DCC003CBBF3 /* ALWeatherController.swift */,
				8B30DFC724255399003CBBF3 /* ALWLocationManger.swift */,
				8B0ED61F24263DAF005D0886 /* ALWeatherViewModel.swift */,
			);
			path = Weather;
			sourceTree = "<group>";
		};
		8B30DF7224254167003CBBF3 /* Model */ = {
			isa = PBXGroup;
			children = (
				8B30DF7324254170003CBBF3 /* WeatherReponseModel.swift */,
				8B30DFCE242581B8003CBBF3 /* ALWeatherModel.swift */,
			);
			path = Model;
			sourceTree = "<group>";
		};
		8B30DF7524254888003CBBF3 /* Location */ = {
			isa = PBXGroup;
			children = (
				8B30DFC224254EB4003CBBF3 /* LocationAuthorization.swift */,
				8B30DFC124254EB4003CBBF3 /* LocationManger.swift */,
				8B30DFC324254EB4003CBBF3 /* LocationProvider.swift */,
			);
			path = Location;
			sourceTree = "<group>";
		};
/* End PBXGroup section */

/* Begin PBXNativeTarget section */
		8B0B3B532424290C006C73AE /* ALWeatherTask */ = {
			isa = PBXNativeTarget;
			buildConfigurationList = 8B0B3B7E2424290F006C73AE /* Build configuration list for PBXNativeTarget "ALWeatherTask" */;
			buildPhases = (
				9FE079EAFC9AE339530C768C /* [CP] Check Pods Manifest.lock */,
				8B0B3B502424290C006C73AE /* Sources */,
				8B0B3B512424290C006C73AE /* Frameworks */,
				8B0B3B522424290C006C73AE /* Resources */,
			);
			buildRules = (
			);
			dependencies = (
			);
			name = ALWeatherTask;
			productName = ALWeatherTask;
			productReference = 8B0B3B542424290C006C73AE /* ALWeatherTask.app */;
			productType = "com.apple.product-type.application";
		};
		8B0B3B692424290F006C73AE /* ALWeatherTaskTests */ = {
			isa = PBXNativeTarget;
			buildConfigurationList = 8B0B3B812424290F006C73AE /* Build configuration list for PBXNativeTarget "ALWeatherTaskTests" */;
			buildPhases = (
				81D9F70FDFA92855FECDBCD3 /* [CP] Check Pods Manifest.lock */,
				8B0B3B662424290F006C73AE /* Sources */,
				8B0B3B672424290F006C73AE /* Frameworks */,
				8B0B3B682424290F006C73AE /* Resources */,
			);
			buildRules = (
			);
			dependencies = (
				8B0B3B6C2424290F006C73AE /* PBXTargetDependency */,
			);
			name = ALWeatherTaskTests;
			productName = ALWeatherTaskTests;
			productReference = 8B0B3B6A2424290F006C73AE /* ALWeatherTaskTests.xctest */;
			productType = "com.apple.product-type.bundle.unit-test";
		};
		8B0B3B742424290F006C73AE /* ALWeatherTaskUITests */ = {
			isa = PBXNativeTarget;
			buildConfigurationList = 8B0B3B842424290F006C73AE /* Build configuration list for PBXNativeTarget "ALWeatherTaskUITests" */;
			buildPhases = (
				902A909BB7B282933B5ECA4B /* [CP] Check Pods Manifest.lock */,
				8B0B3B712424290F006C73AE /* Sources */,
				8B0B3B722424290F006C73AE /* Frameworks */,
				8B0B3B732424290F006C73AE /* Resources */,
			);
			buildRules = (
			);
			dependencies = (
				8B0B3B772424290F006C73AE /* PBXTargetDependency */,
			);
			name = ALWeatherTaskUITests;
			productName = ALWeatherTaskUITests;
			productReference = 8B0B3B752424290F006C73AE /* ALWeatherTaskUITests.xctest */;
			productType = "com.apple.product-type.bundle.ui-testing";
		};
/* End PBXNativeTarget section */

/* Begin PBXProject section */
		8B0B3B4C2424290C006C73AE /* Project object */ = {
			isa = PBXProject;
			attributes = {
				LastSwiftUpdateCheck = 1130;
				LastUpgradeCheck = 1130;
				ORGANIZATIONNAME = "Khaled kamal";
				TargetAttributes = {
					8B0B3B532424290C006C73AE = {
						CreatedOnToolsVersion = 11.3;
					};
					8B0B3B692424290F006C73AE = {
						CreatedOnToolsVersion = 11.3;
						TestTargetID = 8B0B3B532424290C006C73AE;
					};
					8B0B3B742424290F006C73AE = {
						CreatedOnToolsVersion = 11.3;
						TestTargetID = 8B0B3B532424290C006C73AE;
					};
				};
			};
			buildConfigurationList = 8B0B3B4F2424290C006C73AE /* Build configuration list for PBXProject "ALWeatherTask" */;
			compatibilityVersion = "Xcode 9.3";
			developmentRegion = en;
			hasScannedForEncodings = 0;
			knownRegions = (
				en,
				Base,
			);
			mainGroup = 8B0B3B4B2424290C006C73AE;
			productRefGroup = 8B0B3B552424290C006C73AE /* Products */;
			projectDirPath = "";
			projectRoot = "";
			targets = (
				8B0B3B532424290C006C73AE /* ALWeatherTask */,
				8B0B3B692424290F006C73AE /* ALWeatherTaskTests */,
				8B0B3B742424290F006C73AE /* ALWeatherTaskUITests */,
			);
		};
/* End PBXProject section */

/* Begin PBXResourcesBuildPhase section */
		8B0B3B522424290C006C73AE /* Resources */ = {
			isa = PBXResourcesBuildPhase;
			buildActionMask = 2147483647;
			files = (
				8B0B3B642424290E006C73AE /* LaunchScreen.storyboard in Resources */,
				8B0B3B612424290E006C73AE /* Assets.xcassets in Resources */,
				8B0B3B5F2424290C006C73AE /* Main.storyboard in Resources */,
			);
			runOnlyForDeploymentPostprocessing = 0;
		};
		8B0B3B682424290F006C73AE /* Resources */ = {
			isa = PBXResourcesBuildPhase;
			buildActionMask = 2147483647;
			files = (
			);
			runOnlyForDeploymentPostprocessing = 0;
		};
		8B0B3B732424290F006C73AE /* Resources */ = {
			isa = PBXResourcesBuildPhase;
			buildActionMask = 2147483647;
			files = (
			);
			runOnlyForDeploymentPostprocessing = 0;
		};
/* End PBXResourcesBuildPhase section */

/* Begin PBXShellScriptBuildPhase section */
		81D9F70FDFA92855FECDBCD3 /* [CP] Check Pods Manifest.lock */ = {
			isa = PBXShellScriptBuildPhase;
			buildActionMask = 2147483647;
			files = (
			);
			inputFileListPaths = (
			);
			inputPaths = (
				"${PODS_PODFILE_DIR_PATH}/Podfile.lock",
				"${PODS_ROOT}/Manifest.lock",
			);
			name = "[CP] Check Pods Manifest.lock";
			outputFileListPaths = (
			);
			outputPaths = (
				"$(DERIVED_FILE_DIR)/Pods-ALWeatherTaskTests-checkManifestLockResult.txt",
			);
			runOnlyForDeploymentPostprocessing = 0;
			shellPath = /bin/sh;
			shellScript = "diff \"${PODS_PODFILE_DIR_PATH}/Podfile.lock\" \"${PODS_ROOT}/Manifest.lock\" > /dev/null\nif [ $? != 0 ] ; then\n    # print error to STDERR\n    echo \"error: The sandbox is not in sync with the Podfile.lock. Run 'pod install' or update your CocoaPods installation.\" >&2\n    exit 1\nfi\n# This output is used by Xcode 'outputs' to avoid re-running this script phase.\necho \"SUCCESS\" > \"${SCRIPT_OUTPUT_FILE_0}\"\n";
			showEnvVarsInLog = 0;
		};
		902A909BB7B282933B5ECA4B /* [CP] Check Pods Manifest.lock */ = {
			isa = PBXShellScriptBuildPhase;
			buildActionMask = 2147483647;
			files = (
			);
			inputFileListPaths = (
			);
			inputPaths = (
				"${PODS_PODFILE_DIR_PATH}/Podfile.lock",
				"${PODS_ROOT}/Manifest.lock",
			);
			name = "[CP] Check Pods Manifest.lock";
			outputFileListPaths = (
			);
			outputPaths = (
				"$(DERIVED_FILE_DIR)/Pods-ALWeatherTask-ALWeatherTaskUITests-checkManifestLockResult.txt",
			);
			runOnlyForDeploymentPostprocessing = 0;
			shellPath = /bin/sh;
			shellScript = "diff \"${PODS_PODFILE_DIR_PATH}/Podfile.lock\" \"${PODS_ROOT}/Manifest.lock\" > /dev/null\nif [ $? != 0 ] ; then\n    # print error to STDERR\n    echo \"error: The sandbox is not in sync with the Podfile.lock. Run 'pod install' or update your CocoaPods installation.\" >&2\n    exit 1\nfi\n# This output is used by Xcode 'outputs' to avoid re-running this script phase.\necho \"SUCCESS\" > \"${SCRIPT_OUTPUT_FILE_0}\"\n";
			showEnvVarsInLog = 0;
		};
		9FE079EAFC9AE339530C768C /* [CP] Check Pods Manifest.lock */ = {
			isa = PBXShellScriptBuildPhase;
			buildActionMask = 2147483647;
			files = (
			);
			inputFileListPaths = (
			);
			inputPaths = (
				"${PODS_PODFILE_DIR_PATH}/Podfile.lock",
				"${PODS_ROOT}/Manifest.lock",
			);
			name = "[CP] Check Pods Manifest.lock";
			outputFileListPaths = (
			);
			outputPaths = (
				"$(DERIVED_FILE_DIR)/Pods-ALWeatherTask-checkManifestLockResult.txt",
			);
			runOnlyForDeploymentPostprocessing = 0;
			shellPath = /bin/sh;
			shellScript = "diff \"${PODS_PODFILE_DIR_PATH}/Podfile.lock\" \"${PODS_ROOT}/Manifest.lock\" > /dev/null\nif [ $? != 0 ] ; then\n    # print error to STDERR\n    echo \"error: The sandbox is not in sync with the Podfile.lock. Run 'pod install' or update your CocoaPods installation.\" >&2\n    exit 1\nfi\n# This output is used by Xcode 'outputs' to avoid re-running this script phase.\necho \"SUCCESS\" > \"${SCRIPT_OUTPUT_FILE_0}\"\n";
			showEnvVarsInLog = 0;
		};
/* End PBXShellScriptBuildPhase section */

/* Begin PBXSourcesBuildPhase section */
		8B0B3B502424290C006C73AE /* Sources */ = {
			isa = PBXSourcesBuildPhase;
			buildActionMask = 2147483647;
			files = (
				8B0D2E1E24269D25003D7015 /* Router.swift in Sources */,
				8B0ED637242640CD005D0886 /* CustomOperators.swift in Sources */,
				8B0ED62E242640CD005D0886 /* StatefulView.swift in Sources */,
				8B0B3B582424290C006C73AE /* AppDelegate.swift in Sources */,
				8B0ED63D24264783005D0886 /* Number+Extension.swift in Sources */,
				8B30DF6824252C54003CBBF3 /* KKHttpMethod.swift in Sources */,
				8B30DF6924252C54003CBBF3 /* RequstBuilderProtocol.swift in Sources */,
				8B0ED633242640CD005D0886 /* GenericState.swift in Sources */,
				8B0D2E322426AA35003D7015 /* ALWeatherDetailsController.swift in Sources */,
				8B30DFCA24257406003CBBF3 /* CoreDataStackImp.swift in Sources */,
				8B0ED64224264A0B005D0886 /* UITableView + Extension.swift in Sources */,
				8B30DF6724252C54003CBBF3 /* ResponseProtocol.swift in Sources */,
				8B0ED62324263EEE005D0886 /* BaseViewModel.swift in Sources */,
				8B0ED64124264A0B005D0886 /* UICollectionView + Extension.swift in Sources */,
				8B0D2E2524269D41003D7015 /* MainRouter.swift in Sources */,
				8B30DFC524254EB4003CBBF3 /* LocationAuthorization.swift in Sources */,
				8B0ED631242640CD005D0886 /* State.swift in Sources */,
				8B30DFCD24258175003CBBF3 /* Weather.xcdatamodeld in Sources */,
				8B0B3B5A2424290C006C73AE /* SceneDelegate.swift in Sources */,
				8B0ED630242640CD005D0886 /* ViewModel.swift in Sources */,
				8B30DF7424254170003CBBF3 /* WeatherReponseModel.swift in Sources */,
				8B30DF6424252C54003CBBF3 /* Result.swift in Sources */,
				8B0D2E2824269D4B003D7015 /* MainFactory.swift in Sources */,
				8B0ED632242640CD005D0886 /* Boxing.swift in Sources */,
				8B0D7B682426BEE10010DA7C /* WeatherError.swift in Sources */,
				8B0D2E2424269D41003D7015 /* BaseCoordinator.swift in Sources */,
				8B30DF6A24252C54003CBBF3 /* Error.swift in Sources */,
				8B0ED61A2426338B005D0886 /* WeatherRemoteRepo.swift in Sources */,
				8B0ED634242640CD005D0886 /* GenericViewState.swift in Sources */,
				8B0ED61C24263730005D0886 /* RepoProtocols.swift in Sources */,
				8B30DFCF242581B8003CBBF3 /* ALWeatherModel.swift in Sources */,
				8B0ED62024263DAF005D0886 /* ALWeatherViewModel.swift in Sources */,
				8B0ED635242640CD005D0886 /* StateSubscription.swift in Sources */,
				8B0D2E1D24269D25003D7015 /* Presentable.swift in Sources */,
				8B0ED63A24264557005D0886 /* WeatherTableViewCell.swift in Sources */,
				8B0D2E2024269D33003D7015 /* AppCoordinator.swift in Sources */,
				8B30DFC824255399003CBBF3 /* ALWLocationManger.swift in Sources */,
				8B30DF6C24253234003CBBF3 /* Api.swift in Sources */,
				8B30DF7124253DCC003CBBF3 /* ALWeatherController.swift in Sources */,
				8B0D2E302426A931003D7015 /* ALWeatherDetailsViewModel.swift in Sources */,
				8B0ED636242640CD005D0886 /* CustomLogDescriptionConvertible.swift in Sources */,
				8B30DFC624254EB4003CBBF3 /* LocationProvider.swift in Sources */,
				8B0ED60E24261C0A005D0886 /* NSManagedObjectContext+Utilites.swift in Sources */,
				8B30DF6624252C54003CBBF3 /* ResponseHandler.swift in Sources */,
				8B30DF6E24253289003CBBF3 /* RequstBuilderProtocol+Extension.swift in Sources */,
				8B0ED616242628E1005D0886 /* WeatherEntity+Extension.swift in Sources */,
				8B0ED64424264A10005D0886 /* Cellable.swift in Sources */,
				8B0D2E2D2426A2E4003D7015 /* AlertBuilder.swift in Sources */,
				8B30DFC424254EB4003CBBF3 /* LocationManger.swift in Sources */,
				8B0ED61E242637DF005D0886 /* WeatherRepo.swift in Sources */,
				8B0D2E2A2426A17F003D7015 /* UIViewController+Extension.swift in Sources */,
				8B0ED62F242640CD005D0886 /* Store.swift in Sources */,
				8B0ED61824263365005D0886 /* WeatherLocalStorageRepo.swift in Sources */,
			);
			runOnlyForDeploymentPostprocessing = 0;
		};
		8B0B3B662424290F006C73AE /* Sources */ = {
			isa = PBXSourcesBuildPhase;
			buildActionMask = 2147483647;
			files = (
				8B0B3B6F2424290F006C73AE /* ALWeatherTaskTests.swift in Sources */,
			);
			runOnlyForDeploymentPostprocessing = 0;
		};
		8B0B3B712424290F006C73AE /* Sources */ = {
			isa = PBXSourcesBuildPhase;
			buildActionMask = 2147483647;
			files = (
				8B0B3B7A2424290F006C73AE /* ALWeatherTaskUITests.swift in Sources */,
			);
			runOnlyForDeploymentPostprocessing = 0;
		};
/* End PBXSourcesBuildPhase section */

/* Begin PBXTargetDependency section */
		8B0B3B6C2424290F006C73AE /* PBXTargetDependency */ = {
			isa = PBXTargetDependency;
			target = 8B0B3B532424290C006C73AE /* ALWeatherTask */;
			targetProxy = 8B0B3B6B2424290F006C73AE /* PBXContainerItemProxy */;
		};
		8B0B3B772424290F006C73AE /* PBXTargetDependency */ = {
			isa = PBXTargetDependency;
			target = 8B0B3B532424290C006C73AE /* ALWeatherTask */;
			targetProxy = 8B0B3B762424290F006C73AE /* PBXContainerItemProxy */;
		};
/* End PBXTargetDependency section */

/* Begin PBXVariantGroup section */
		8B0B3B5D2424290C006C73AE /* Main.storyboard */ = {
			isa = PBXVariantGroup;
			children = (
				8B0B3B5E2424290C006C73AE /* Base */,
			);
			name = Main.storyboard;
			sourceTree = "<group>";
		};
		8B0B3B622424290E006C73AE /* LaunchScreen.storyboard */ = {
			isa = PBXVariantGroup;
			children = (
				8B0B3B632424290E006C73AE /* Base */,
			);
			name = LaunchScreen.storyboard;
			sourceTree = "<group>";
		};
/* End PBXVariantGroup section */

/* Begin XCBuildConfiguration section */
		8B0B3B7C2424290F006C73AE /* Debug */ = {
			isa = XCBuildConfiguration;
			buildSettings = {
				ALWAYS_SEARCH_USER_PATHS = NO;
				CLANG_ANALYZER_NONNULL = YES;
				CLANG_ANALYZER_NUMBER_OBJECT_CONVERSION = YES_AGGRESSIVE;
				CLANG_CXX_LANGUAGE_STANDARD = "gnu++14";
				CLANG_CXX_LIBRARY = "libc++";
				CLANG_ENABLE_MODULES = YES;
				CLANG_ENABLE_OBJC_ARC = YES;
				CLANG_ENABLE_OBJC_WEAK = YES;
				CLANG_WARN_BLOCK_CAPTURE_AUTORELEASING = YES;
				CLANG_WARN_BOOL_CONVERSION = YES;
				CLANG_WARN_COMMA = YES;
				CLANG_WARN_CONSTANT_CONVERSION = YES;
				CLANG_WARN_DEPRECATED_OBJC_IMPLEMENTATIONS = YES;
				CLANG_WARN_DIRECT_OBJC_ISA_USAGE = YES_ERROR;
				CLANG_WARN_DOCUMENTATION_COMMENTS = YES;
				CLANG_WARN_EMPTY_BODY = YES;
				CLANG_WARN_ENUM_CONVERSION = YES;
				CLANG_WARN_INFINITE_RECURSION = YES;
				CLANG_WARN_INT_CONVERSION = YES;
				CLANG_WARN_NON_LITERAL_NULL_CONVERSION = YES;
				CLANG_WARN_OBJC_IMPLICIT_RETAIN_SELF = YES;
				CLANG_WARN_OBJC_LITERAL_CONVERSION = YES;
				CLANG_WARN_OBJC_ROOT_CLASS = YES_ERROR;
				CLANG_WARN_RANGE_LOOP_ANALYSIS = YES;
				CLANG_WARN_STRICT_PROTOTYPES = YES;
				CLANG_WARN_SUSPICIOUS_MOVE = YES;
				CLANG_WARN_UNGUARDED_AVAILABILITY = YES_AGGRESSIVE;
				CLANG_WARN_UNREACHABLE_CODE = YES;
				CLANG_WARN__DUPLICATE_METHOD_MATCH = YES;
				COPY_PHASE_STRIP = NO;
				DEBUG_INFORMATION_FORMAT = dwarf;
				ENABLE_STRICT_OBJC_MSGSEND = YES;
				ENABLE_TESTABILITY = YES;
				GCC_C_LANGUAGE_STANDARD = gnu11;
				GCC_DYNAMIC_NO_PIC = NO;
				GCC_NO_COMMON_BLOCKS = YES;
				GCC_OPTIMIZATION_LEVEL = 0;
				GCC_PREPROCESSOR_DEFINITIONS = (
					"DEBUG=1",
					"$(inherited)",
				);
				GCC_WARN_64_TO_32_BIT_CONVERSION = YES;
				GCC_WARN_ABOUT_RETURN_TYPE = YES_ERROR;
				GCC_WARN_UNDECLARED_SELECTOR = YES;
				GCC_WARN_UNINITIALIZED_AUTOS = YES_AGGRESSIVE;
				GCC_WARN_UNUSED_FUNCTION = YES;
				GCC_WARN_UNUSED_VARIABLE = YES;
				IPHONEOS_DEPLOYMENT_TARGET = 13.2;
				MTL_ENABLE_DEBUG_INFO = INCLUDE_SOURCE;
				MTL_FAST_MATH = YES;
				ONLY_ACTIVE_ARCH = YES;
				SDKROOT = iphoneos;
				SWIFT_ACTIVE_COMPILATION_CONDITIONS = DEBUG;
				SWIFT_OPTIMIZATION_LEVEL = "-Onone";
			};
			name = Debug;
		};
		8B0B3B7D2424290F006C73AE /* Release */ = {
			isa = XCBuildConfiguration;
			buildSettings = {
				ALWAYS_SEARCH_USER_PATHS = NO;
				CLANG_ANALYZER_NONNULL = YES;
				CLANG_ANALYZER_NUMBER_OBJECT_CONVERSION = YES_AGGRESSIVE;
				CLANG_CXX_LANGUAGE_STANDARD = "gnu++14";
				CLANG_CXX_LIBRARY = "libc++";
				CLANG_ENABLE_MODULES = YES;
				CLANG_ENABLE_OBJC_ARC = YES;
				CLANG_ENABLE_OBJC_WEAK = YES;
				CLANG_WARN_BLOCK_CAPTURE_AUTORELEASING = YES;
				CLANG_WARN_BOOL_CONVERSION = YES;
				CLANG_WARN_COMMA = YES;
				CLANG_WARN_CONSTANT_CONVERSION = YES;
				CLANG_WARN_DEPRECATED_OBJC_IMPLEMENTATIONS = YES;
				CLANG_WARN_DIRECT_OBJC_ISA_USAGE = YES_ERROR;
				CLANG_WARN_DOCUMENTATION_COMMENTS = YES;
				CLANG_WARN_EMPTY_BODY = YES;
				CLANG_WARN_ENUM_CONVERSION = YES;
				CLANG_WARN_INFINITE_RECURSION = YES;
				CLANG_WARN_INT_CONVERSION = YES;
				CLANG_WARN_NON_LITERAL_NULL_CONVERSION = YES;
				CLANG_WARN_OBJC_IMPLICIT_RETAIN_SELF = YES;
				CLANG_WARN_OBJC_LITERAL_CONVERSION = YES;
				CLANG_WARN_OBJC_ROOT_CLASS = YES_ERROR;
				CLANG_WARN_RANGE_LOOP_ANALYSIS = YES;
				CLANG_WARN_STRICT_PROTOTYPES = YES;
				CLANG_WARN_SUSPICIOUS_MOVE = YES;
				CLANG_WARN_UNGUARDED_AVAILABILITY = YES_AGGRESSIVE;
				CLANG_WARN_UNREACHABLE_CODE = YES;
				CLANG_WARN__DUPLICATE_METHOD_MATCH = YES;
				COPY_PHASE_STRIP = NO;
				DEBUG_INFORMATION_FORMAT = "dwarf-with-dsym";
				ENABLE_NS_ASSERTIONS = NO;
				ENABLE_STRICT_OBJC_MSGSEND = YES;
				GCC_C_LANGUAGE_STANDARD = gnu11;
				GCC_NO_COMMON_BLOCKS = YES;
				GCC_WARN_64_TO_32_BIT_CONVERSION = YES;
				GCC_WARN_ABOUT_RETURN_TYPE = YES_ERROR;
				GCC_WARN_UNDECLARED_SELECTOR = YES;
				GCC_WARN_UNINITIALIZED_AUTOS = YES_AGGRESSIVE;
				GCC_WARN_UNUSED_FUNCTION = YES;
				GCC_WARN_UNUSED_VARIABLE = YES;
				IPHONEOS_DEPLOYMENT_TARGET = 13.2;
				MTL_ENABLE_DEBUG_INFO = NO;
				MTL_FAST_MATH = YES;
				SDKROOT = iphoneos;
				SWIFT_COMPILATION_MODE = wholemodule;
				SWIFT_OPTIMIZATION_LEVEL = "-O";
				VALIDATE_PRODUCT = YES;
			};
			name = Release;
		};
		8B0B3B7F2424290F006C73AE /* Debug */ = {
			isa = XCBuildConfiguration;
			baseConfigurationReference = E65CFAB00AF369F676C306FB /* Pods-ALWeatherTask.debug.xcconfig */;
			buildSettings = {
				ASSETCATALOG_COMPILER_APPICON_NAME = AppIcon;
				CODE_SIGN_STYLE = Automatic;
				INFOPLIST_FILE = ALWeatherTask/Info.plist;
				LD_RUNPATH_SEARCH_PATHS = (
					"$(inherited)",
					"@executable_path/Frameworks",
				);
				PRODUCT_BUNDLE_IDENTIFIER = com.khaledkamal.ALWeatherTask;
				PRODUCT_NAME = "$(TARGET_NAME)";
				SWIFT_VERSION = 5.0;
				TARGETED_DEVICE_FAMILY = "1,2";
			};
			name = Debug;
		};
		8B0B3B802424290F006C73AE /* Release */ = {
			isa = XCBuildConfiguration;
			baseConfigurationReference = FB63DD42701446BFFD3D1095 /* Pods-ALWeatherTask.release.xcconfig */;
			buildSettings = {
				ASSETCATALOG_COMPILER_APPICON_NAME = AppIcon;
				CODE_SIGN_STYLE = Automatic;
				INFOPLIST_FILE = ALWeatherTask/Info.plist;
				LD_RUNPATH_SEARCH_PATHS = (
					"$(inherited)",
					"@executable_path/Frameworks",
				);
				PRODUCT_BUNDLE_IDENTIFIER = com.khaledkamal.ALWeatherTask;
				PRODUCT_NAME = "$(TARGET_NAME)";
				SWIFT_VERSION = 5.0;
				TARGETED_DEVICE_FAMILY = "1,2";
			};
			name = Release;
		};
		8B0B3B822424290F006C73AE /* Debug */ = {
			isa = XCBuildConfiguration;
			baseConfigurationReference = F4C7846EEEBEA286BED1759E /* Pods-ALWeatherTaskTests.debug.xcconfig */;
			buildSettings = {
				ALWAYS_EMBED_SWIFT_STANDARD_LIBRARIES = YES;
				BUNDLE_LOADER = "$(TEST_HOST)";
				CODE_SIGN_STYLE = Automatic;
				INFOPLIST_FILE = ALWeatherTaskTests/Info.plist;
				IPHONEOS_DEPLOYMENT_TARGET = 13.2;
				LD_RUNPATH_SEARCH_PATHS = (
					"$(inherited)",
					"@executable_path/Frameworks",
					"@loader_path/Frameworks",
				);
				PRODUCT_BUNDLE_IDENTIFIER = com.khaledkamal.ALWeatherTaskTests;
				PRODUCT_NAME = "$(TARGET_NAME)";
				SWIFT_VERSION = 5.0;
				TARGETED_DEVICE_FAMILY = "1,2";
				TEST_HOST = "$(BUILT_PRODUCTS_DIR)/ALWeatherTask.app/ALWeatherTask";
			};
			name = Debug;
		};
		8B0B3B832424290F006C73AE /* Release */ = {
			isa = XCBuildConfiguration;
			baseConfigurationReference = C34660BD8174AE49092F872F /* Pods-ALWeatherTaskTests.release.xcconfig */;
			buildSettings = {
				ALWAYS_EMBED_SWIFT_STANDARD_LIBRARIES = YES;
				BUNDLE_LOADER = "$(TEST_HOST)";
				CODE_SIGN_STYLE = Automatic;
				INFOPLIST_FILE = ALWeatherTaskTests/Info.plist;
				IPHONEOS_DEPLOYMENT_TARGET = 13.2;
				LD_RUNPATH_SEARCH_PATHS = (
					"$(inherited)",
					"@executable_path/Frameworks",
					"@loader_path/Frameworks",
				);
				PRODUCT_BUNDLE_IDENTIFIER = com.khaledkamal.ALWeatherTaskTests;
				PRODUCT_NAME = "$(TARGET_NAME)";
				SWIFT_VERSION = 5.0;
				TARGETED_DEVICE_FAMILY = "1,2";
				TEST_HOST = "$(BUILT_PRODUCTS_DIR)/ALWeatherTask.app/ALWeatherTask";
			};
			name = Release;
		};
		8B0B3B852424290F006C73AE /* Debug */ = {
			isa = XCBuildConfiguration;
			baseConfigurationReference = B2D41FA2F36D517C65791DAE /* Pods-ALWeatherTask-ALWeatherTaskUITests.debug.xcconfig */;
			buildSettings = {
				ALWAYS_EMBED_SWIFT_STANDARD_LIBRARIES = YES;
				CODE_SIGN_STYLE = Automatic;
				INFOPLIST_FILE = ALWeatherTaskUITests/Info.plist;
				LD_RUNPATH_SEARCH_PATHS = (
					"$(inherited)",
					"@executable_path/Frameworks",
					"@loader_path/Frameworks",
				);
				PRODUCT_BUNDLE_IDENTIFIER = com.khaledkamal.ALWeatherTaskUITests;
				PRODUCT_NAME = "$(TARGET_NAME)";
				SWIFT_VERSION = 5.0;
				TARGETED_DEVICE_FAMILY = "1,2";
				TEST_TARGET_NAME = ALWeatherTask;
			};
			name = Debug;
		};
		8B0B3B862424290F006C73AE /* Release */ = {
			isa = XCBuildConfiguration;
			baseConfigurationReference = D9E391D2F8FB8229FF7AE93D /* Pods-ALWeatherTask-ALWeatherTaskUITests.release.xcconfig */;
			buildSettings = {
				ALWAYS_EMBED_SWIFT_STANDARD_LIBRARIES = YES;
				CODE_SIGN_STYLE = Automatic;
				INFOPLIST_FILE = ALWeatherTaskUITests/Info.plist;
				LD_RUNPATH_SEARCH_PATHS = (
					"$(inherited)",
					"@executable_path/Frameworks",
					"@loader_path/Frameworks",
				);
				PRODUCT_BUNDLE_IDENTIFIER = com.khaledkamal.ALWeatherTaskUITests;
				PRODUCT_NAME = "$(TARGET_NAME)";
				SWIFT_VERSION = 5.0;
				TARGETED_DEVICE_FAMILY = "1,2";
				TEST_TARGET_NAME = ALWeatherTask;
			};
			name = Release;
		};
/* End XCBuildConfiguration section */

/* Begin XCConfigurationList section */
		8B0B3B4F2424290C006C73AE /* Build configuration list for PBXProject "ALWeatherTask" */ = {
			isa = XCConfigurationList;
			buildConfigurations = (
				8B0B3B7C2424290F006C73AE /* Debug */,
				8B0B3B7D2424290F006C73AE /* Release */,
			);
			defaultConfigurationIsVisible = 0;
			defaultConfigurationName = Release;
		};
		8B0B3B7E2424290F006C73AE /* Build configuration list for PBXNativeTarget "ALWeatherTask" */ = {
			isa = XCConfigurationList;
			buildConfigurations = (
				8B0B3B7F2424290F006C73AE /* Debug */,
				8B0B3B802424290F006C73AE /* Release */,
			);
			defaultConfigurationIsVisible = 0;
			defaultConfigurationName = Release;
		};
		8B0B3B812424290F006C73AE /* Build configuration list for PBXNativeTarget "ALWeatherTaskTests" */ = {
			isa = XCConfigurationList;
			buildConfigurations = (
				8B0B3B822424290F006C73AE /* Debug */,
				8B0B3B832424290F006C73AE /* Release */,
			);
			defaultConfigurationIsVisible = 0;
			defaultConfigurationName = Release;
		};
		8B0B3B842424290F006C73AE /* Build configuration list for PBXNativeTarget "ALWeatherTaskUITests" */ = {
			isa = XCConfigurationList;
			buildConfigurations = (
				8B0B3B852424290F006C73AE /* Debug */,
				8B0B3B862424290F006C73AE /* Release */,
			);
			defaultConfigurationIsVisible = 0;
			defaultConfigurationName = Release;
		};
/* End XCConfigurationList section */

/* Begin XCVersionGroup section */
		8B30DFCB24258175003CBBF3 /* Weather.xcdatamodeld */ = {
			isa = XCVersionGroup;
			children = (
				8B30DFCC24258175003CBBF3 /* Weather.xcdatamodel */,
			);
			currentVersion = 8B30DFCC24258175003CBBF3 /* Weather.xcdatamodel */;
			path = Weather.xcdatamodeld;
			sourceTree = "<group>";
			versionGroupType = wrapper.xcdatamodel;
		};
/* End XCVersionGroup section */
	};
	rootObject = 8B0B3B4C2424290C006C73AE /* Project object */;
}
